description: "History row: the network's share of the block."
source: "%@ of block"
platforms:
  - android
  - apple
  - windows
  - linux
  - site
placeholders:
  - name: share
    type: string
localizations:
  ar: "{share} من الكتلة"
  cs: "{share} bloku"
  de: "{share} des Blocks"
  el: "{share} του μπλοκ"
  en: "{share} of block"
  es: "{share} del bloque"
  es-419: "{share} del bloque"
  es-MX: "{share} del bloque"
  fr: "{share} du bloc"
  he: "{share} מהבלוק"
  hi: "ब्लॉक का {share}"
  id: "{share} dari blok"
  it: "{share} del blocco"
  ja: "ブロックの {share}"
  ko: "블록의 {share}"
  nl: "{share} van het blok"
  pl: "{share} bloku"
  pt: "{share} do bloco"
  pt-BR: "{share} do bloco"
  pt-PT: "{share} do bloco"
  ru: "{share} блока"
  sv: "{share} av blocket"
  sw: "{share} ya kitalu"
  th: "{share} ของบล็อก"
  uk: "{share} блока"
  vi: "{share} của khối"
  zh: "区块的 {share}"
  zh-HK: "區塊的 {share}"
